// !$*UTF8*$!
{
	archiveVersion = 1;
	classes = {
	};
	objectVersion = 46;
	objects = {

/* Begin PBXBuildFile section */
		6AB427231E61D83E00527462 /* AppDelegate.swift in Sources */ = {isa = PBXBuildFile; fileRef = 6AB427221E61D83E00527462 /* AppDelegate.swift */; };
		6AB427251E61D83E00527462 /* ViewController.swift in Sources */ = {isa = PBXBuildFile; fileRef = 6AB427241E61D83E00527462 /* ViewController.swift */; };
		6AB427281E61D83E00527462 /* Main.storyboard in Resources */ = {isa = PBXBuildFile; fileRef = 6AB427261E61D83E00527462 /* Main.storyboard */; };
		6AB4272A1E61D83E00527462 /* Assets.xcassets in Resources */ = {isa = PBXBuildFile; fileRef = 6AB427291E61D83E00527462 /* Assets.xcassets */; };
		6AB4272D1E61D83E00527462 /* LaunchScreen.storyboard in Resources */ = {isa = PBXBuildFile; fileRef = 6AB4272B1E61D83E00527462 /* LaunchScreen.storyboard */; };
		6AB427361E61D8D800527462 /* SpriteKit.framework in Frameworks */ = {isa = PBXBuildFile; fileRef = 6AB427351E61D8D800527462 /* SpriteKit.framework */; };
		6AB427381E61F7A400527462 /* GameScene.swift in Sources */ = {isa = PBXBuildFile; fileRef = 6AB427371E61F7A400527462 /* GameScene.swift */; };
/* End PBXBuildFile section */

/* Begin PBXFileReference section */
		6AB4271F1E61D83E00527462 /* FlappyBird.app */ = {isa = PBXFileReference; explicitFileType = wrapper.application; includeInIndex = 0; path = FlappyBird.app; sourceTree = BUILT_PRODUCTS_DIR; };
		6AB427221E61D83E00527462 /* AppDelegate.swift */ = {isa = PBXFileReference; lastKnownFileType = sourcecode.swift; path = AppDelegate.swift; sourceTree = "<group>"; };
		6AB427241E61D83E00527462 /* ViewController.swift */ = {isa = PBXFileReference; lastKnownFileType = sourcecode.swift; path = ViewController.swift; sourceTree = "<group>"; };
		6AB427271E61D83E00527462 /* Base */ = {isa = PBXFileReference; lastKnownFileType = file.storyboard; name = Base; path = Base.lproj/Main.storyboard; sourceTree = "<group>"; };
		6AB427291E61D83E00527462 /* Assets.xcassets */ = {isa = PBXFileReference; lastKnownFileType = folder.assetcatalog; path = Assets.xcassets; sourceTree = "<group>"; };
		6AB4272C1E61D83E00527462 /* Base */ = {isa = PBXFileReference; lastKnownFileType = file.storyboard; name = Base; path = Base.lproj/LaunchScreen.storyboard; sourceTree = "<group>"; };
		6AB4272E1E61D83E00527462 /* Info.plist */ = {isa = PBXFileReference; lastKnownFileType = text.plist.xml; path = Info.plist; sourceTree = "<group>"; };
		6AB427351E61D8D800527462 /* SpriteKit.framework */ = {isa = PBXFileReference; lastKnownFileType = wrapper.framework; name = SpriteKit.framework; path = System/Library/Frameworks/SpriteKit.framework; sourceTree = SDKROOT; };
		6AB427371E61F7A400527462 /* GameScene.swift */ = {isa = PBXFileReference; fileEncoding = 4; lastKnownFileType = sourcecode.swift; path = GameScene.swift; sourceTree = "<group>"; };
/* End PBXFileReference section */

/* Begin PBXFrameworksBuildPhase section */
		6AB4271C1E61D83E00527462 /* Frameworks */ = {
			isa = PBXFrameworksBuildPhase;
			buildActionMask = 2147483647;
			files = (
				6AB427361E61D8D800527462 /* SpriteKit.framework in Frameworks */,
			);
			runOnlyForDeploymentPostprocessing = 0;
		};
/* End PBXFrameworksBuildPhase section */

/* Begin PBXGroup section */
		6AB427161E61D83E00527462 = {
			isa = PBXGroup;
			children = (
				6AB427211E61D83E00527462 /* FlappyBird */,
				6AB427201E61D83E00527462 /* Products */,
				6AB427341E61D8D800527462 /* Frameworks */,
			);
			sourceTree = "<group>";
		};
		6AB427201E61D83E00527462 /* Products */ = {
			isa = PBXGroup;
			children = (
				6AB4271F1E61D83E00527462 /* FlappyBird.app */,
			);
			name = Products;
			sourceTree = "<group>";
		};
		6AB427211E61D83E00527462 /* FlappyBird */ = {
			isa = PBXGroup;
			children = (
				6AB427221E61D83E00527462 /* AppDelegate.swift */,
				6AB427241E61D83E00527462 /* ViewController.swift */,
				6AB427261E61D83E00527462 /* Main.storyboard */,
				6AB427291E61D83E00527462 /* Assets.xcassets */,
				6AB427371E61F7A400527462 /* GameScene.swift */,
				6AB4272B1E61D83E00527462 /* LaunchScreen.storyboard */,
				6AB4272E1E61D83E00527462 /* Info.plist */,
			);
			path = FlappyBird;
			sourceTree = "<group>";
		};
		6AB427341E61D8D800527462 /* Frameworks */ = {
			isa = PBXGroup;
			children = (
				6AB427351E61D8D800527462 /* SpriteKit.framework */,
			);
			name = Frameworks;
			sourceTree = "<group>";
		};
/* End PBXGroup section */

/* Begin PBXNativeTarget section */
		6AB4271E1E61D83E00527462 /* FlappyBird */ = {
			isa = PBXNativeTarget;
			buildConfigurationList = 6AB427311E61D83E00527462 /* Build configuration list for PBXNativeTarget "FlappyBird" */;
			buildPhases = (
				6AB4271B1E61D83E00527462 /* Sources */,
				6AB4271C1E61D83E00527462 /* Frameworks */,
				6AB4271D1E61D83E00527462 /* Resources */,
			);
			buildRules = (
			);
			dependencies = (
			);
			name = FlappyBird;
			productName = FlappyBird;
			productReference = 6AB4271F1E61D83E00527462 /* FlappyBird.app */;
			productType = "com.apple.product-type.application";
		};
/* End PBXNativeTarget section */

/* Begin PBXProject section */
		6AB427171E61D83E00527462 /* Project object */ = {
			isa = PBXProject;
			attributes = {
				LastSwiftUpdateCheck = 0820;
				LastUpgradeCheck = 0820;
				ORGANIZATIONNAME = ryo.ishida;
				TargetAttributes = {
					6AB4271E1E61D83E00527462 = {
						CreatedOnToolsVersion = 8.2.1;
						ProvisioningStyle = Automatic;
					};
				};
			};
			buildConfigurationList = 6AB4271A1E61D83E00527462 /* Build configuration list for PBXProject "FlappyBird" */;
			compatibilityVersion = "Xcode 3.2";
			developmentRegion = English;
			hasScannedForEncodings = 0;
			knownRegions = (
				en,
				Base,
			);
			mainGroup = 6AB427161E61D83E00527462;
			productRefGroup = 6AB427201E61D83E00527462 /* Products */;
			projectDirPath = "";
			projectRoot = "";
			targets = (
				6AB4271E1E61D83E00527462 /* FlappyBird */,
			);
		};
/* End PBXProject section */

/* Begin PBXResourcesBuildPhase section */
		6AB4271D1E61D83E00527462 /* Resources */ = {
			isa = PBXResourcesBuildPhase;
			buildActionMask = 2147483647;
			files = (
				6AB4272D1E61D83E00527462 /* LaunchScreen.storyboard in Resources */,
				6AB4272A1E61D83E00527462 /* Assets.xcassets in Resources */,
				6AB427281E61D83E00527462 /* Main.storyboard in Resources */,
			);
			runOnlyForDeploymentPostprocessing = 0;
		};
/* End PBXResourcesBuildPhase section */

/* Begin PBXSourcesBuildPhase section */
		6AB4271B1E61D83E00527462 /* Sources */ = {
			isa = PBXSourcesBuildPhase;
			buildActionMask = 2147483647;
			files = (
				6AB427381E61F7A400527462 /* GameScene.swift in Sources */,
				6AB427251E61D83E00527462 /* ViewController.swift in Sources */,
				6AB427231E61D83E00527462 /* AppDelegate.swift in Sources */,
			);
			runOnlyForDeploymentPostprocessing = 0;
		};
/* End PBXSourcesBuildPhase section */

/* Begin PBXVariantGroup section */
		6AB427261E61D83E00527462 /* Main.storyboard */ = {
			isa = PBXVariantGroup;
			children = (
				6AB427271E61D83E00527462 /* Base */,
			);
			name = Main.storyboard;
			sourceTree = "<group>";
		};
		6AB4272B1E61D83E00527462 /* LaunchScreen.storyboard */ = {
			isa = PBXVariantGroup;
			children = (
				6AB4272C1E61D83E00527462 /* Base */,
			);
			name = LaunchScreen.storyboard;
			sourceTree = "<group>";
		};
/* End PBXVariantGroup section */

/* Begin XCBuildConfiguration section */
		6AB4272F1E61D83E00527462 /* Debug */ = {
			isa = XCBuildConfiguration;
			buildSettings = {
				ALWAYS_SEARCH_USER_PATHS = NO;
				CLANG_ANALYZER_NONNULL = YES;
				CLANG_CXX_LANGUAGE_STANDARD = "gnu++0x";
				CLANG_CXX_LIBRARY = "libc++";
				CLANG_ENABLE_MODULES = YES;
				CLANG_ENABLE_OBJC_ARC = YES;
				CLANG_WARN_BOOL_CONVERSION = YES;
				CLANG_WARN_CONSTANT_CONVERSION = YES;
				CLANG_WARN_DIRECT_OBJC_ISA_USAGE = YES_ERROR;
				CLANG_WARN_DOCUMENTATION_COMMENTS = YES;
				CLANG_WARN_EMPTY_BODY = YES;
				CLANG_WARN_ENUM_CONVERSION = YES;
				CLANG_WARN_INFINITE_RECURSION = YES;
				CLANG_WARN_INT_CONVERSION = YES;
				CLANG_WARN_OBJC_ROOT_CLASS = YES_ERROR;
				CLANG_WARN_SUSPICIOUS_MOVE = YES;
				CLANG_WARN_UNREACHABLE_CODE = YES;
				CLANG_WARN__DUPLICATE_METHOD_MATCH = YES;
				"CODE_SIGN_IDENTITY[sdk=iphoneos*]" = "iPhone Developer";
				COPY_PHASE_STRIP = NO;
				DEBUG_INFORMATION_FORMAT = dwarf;
				ENABLE_STRICT_OBJC_MSGSEND = YES;
				ENABLE_TESTABILITY = YES;
				GCC_C_LANGUAGE_STANDARD = gnu99;
				GCC_DYNAMIC_NO_PIC = NO;
				GCC_NO_COMMON_BLOCKS = YES;
				GCC_OPTIMIZATION_LEVEL = 0;
				GCC_PREPROCESSOR_DEFINITIONS = (
					"DEBUG=1",
					"$(inherited)",
				);
				GCC_WARN_64_TO_32_BIT_CONVERSION = YES;
				GCC_WARN_ABOUT_RETURN_TYPE = YES_ERROR;
				GCC_WARN_UNDECLARED_SELECTOR = YES;
				GCC_WARN_UNINITIALIZED_AUTOS = YES_AGGRESSIVE;
				GCC_WARN_UNUSED_FUNCTION = YES;
				GCC_WARN_UNUSED_VARIABLE = YES;
				IPHONEOS_DEPLOYMENT_TARGET = 10.2;
				MTL_ENABLE_DEBUG_INFO = YES;
				ONLY_ACTIVE_ARCH = YES;
				SDKROOT = iphoneos;
				SWIFT_ACTIVE_COMPILATION_CONDITIONS = DEBUG;
				SWIFT_OPTIMIZATION_LEVEL = "-Onone";
			};
			name = Debug;
		};
		6AB427301E61D83E00527462 /* Release */ = {
			isa = XCBuildConfiguration;
			buildSettings = {
				ALWAYS_SEARCH_USER_PATHS = NO;
				CLANG_ANALYZER_NONNULL = YES;
				CLANG_CXX_LANGUAGE_STANDARD = "gnu++0x";
				CLANG_CXX_LIBRARY = "libc++";
				CLANG_ENABLE_MODULES = YES;
				CLANG_ENABLE_OBJC_ARC = YES;
				CLANG_WARN_BOOL_CONVERSION = YES;
				CLANG_WARN_CONSTANT_CONVERSION = YES;
				CLANG_WARN_DIRECT_OBJC_ISA_USAGE = YES_ERROR;
				CLANG_WARN_DOCUMENTATION_COMMENTS = YES;
				CLANG_WARN_EMPTY_BODY = YES;
				CLANG_WARN_ENUM_CONVERSION = YES;
				CLANG_WARN_INFINITE_RECURSION = YES;
				CLANG_WARN_INT_CONVERSION = YES;
				CLANG_WARN_OBJC_ROOT_CLASS = YES_ERROR;
				CLANG_WARN_SUSPICIOUS_MOVE = YES;
				CLANG_WARN_UNREACHABLE_CODE = YES;
				CLANG_WARN__DUPLICATE_METHOD_MATCH = YES;
				"CODE_SIGN_IDENTITY[sdk=iphoneos*]" = "iPhone Developer";
				COPY_PHASE_STRIP = NO;
				DEBUG_INFORMATION_FORMAT = "dwarf-with-dsym";
				ENABLE_NS_ASSERTIONS = NO;
				ENABLE_STRICT_OBJC_MSGSEND = YES;
				GCC_C_LANGUAGE_STANDARD = gnu99;
				GCC_NO_COMMON_BLOCKS = YES;
				GCC_WARN_64_TO_32_BIT_CONVERSION = YES;
				GCC_WARN_ABOUT_RETURN_TYPE = YES_ERROR;
				GCC_WARN_UNDECLARED_SELECTOR = YES;
				GCC_WARN_UNINITIALIZED_AUTOS = YES_AGGRESSIVE;
				GCC_WARN_UNUSED_FUNCTION = YES;
				GCC_WARN_UNUSED_VARIABLE = YES;
				IPHONEOS_DEPLOYMENT_TARGET = 10.2;
				MTL_ENABLE_DEBUG_INFO = NO;
				SDKROOT = iphoneos;
				SWIFT_OPTIMIZATION_LEVEL = "-Owholemodule";
				VALIDATE_PRODUCT = YES;
			};
			name = Release;
		};
		6AB427321E61D83E00527462 /* Debug */ = {
			isa = XCBuildConfiguration;
			buildSettings = {
				ASSETCATALOG_COMPILER_APPICON_NAME = AppIcon;
				INFOPLIST_FILE = FlappyBird/Info.plist;
				LD_RUNPATH_SEARCH_PATHS = "$(inherited) @executable_path/Frameworks";
				PRODUCT_BUNDLE_IDENTIFIER = jp.techacademy.ryo.ishida.FlappyBird;
				PRODUCT_NAME = "$(TARGET_NAME)";
				SWIFT_VERSION = 3.0;
			};
			name = Debug;
		};
		6AB427331E61D83E00527462 /* Release */ = {
			isa = XCBuildConfiguration;
			buildSettings = {
				ASSETCATALOG_COMPILER_APPICON_NAME = AppIcon;
				INFOPLIST_FILE = FlappyBird/Info.plist;
				LD_RUNPATH_SEARCH_PATHS = "$(inherited) @executable_path/Frameworks";
				PRODUCT_BUNDLE_IDENTIFIER = jp.techacademy.ryo.ishida.FlappyBird;
				PRODUCT_NAME = "$(TARGET_NAME)";
				SWIFT_VERSION = 3.0;
			};
			name = Release;
		};
/* End XCBuildConfiguration section */

/* Begin XCConfigurationList section */
		6AB4271A1E61D83E00527462 /* Build configuration list for PBXProject "FlappyBird" */ = {
			isa = XCConfigurationList;
			buildConfigurations = (
				6AB4272F1E61D83E00527462 /* Debug */,
				6AB427301E61D83E00527462 /* Release */,
			);
			defaultConfigurationIsVisible = 0;
			defaultConfigurationName = Release;
		};
		6AB427311E61D83E00527462 /* Build configuration list for PBXNativeTarget "FlappyBird" */ = {
			isa = XCConfigurationList;
			buildConfigurations = (
				6AB427321E61D83E00527462 /* Debug */,
				6AB427331E61D83E00527462 /* Release */,
			);
			defaultConfigurationIsVisible = 0;
		};
/* End XCConfigurationList section */
	};
	rootObject = 6AB427171E61D83E00527462 /* Project object */;
}
